<?xml version="1.0" encoding="utf-8"?>
<Project ToolsVersion="4.0" xmlns="http://schemas.microsoft.com/developer/msbuild/2003">
  <ItemGroup>
    <Filter Include="Header Files">
      <UniqueIdentifier>{93995380-89BD-4b04-88EB-625FBE52EBFB}</UniqueIdentifier>
      <Extensions>h;hh;hpp;hxx;hm;inl;inc;xsd</Extensions>
    </Filter>
    <Filter Include="Menu">
      <UniqueIdentifier>{2a12d025-c2ec-49af-84af-2c26d0618e38}</UniqueIdentifier>
    </Filter>
    <Filter Include="Source Files">
      <UniqueIdentifier>{4FC737F1-C7A5-4376-A066-2A32D752A2FF}</UniqueIdentifier>
      <Extensions>cpp;c;cc;cxx;def;odl;idl;hpj;bat;asm;asmx</Extensions>
    </Filter>
    <Filter Include="Menu\Auth">
      <UniqueIdentifier>{1aeb1768-b8c2-4cfd-a2f8-b813ab6f6d2e}</UniqueIdentifier>
    </Filter>
    <Filter Include="Menu\Auth\Resource Files">
      <UniqueIdentifier>{3fa5bac0-7207-4747-b3aa-a5ac35408e87}</UniqueIdentifier>
    </Filter>
  </ItemGroup>
  <ItemGroup>
    <ClInclude Include="targetver.h">
      <Filter>Header Files</Filter>
    </ClInclude>
    <ClInclude Include="Log.h">
      <Filter>Header Files</Filter>
    </ClInclude>
    <ClInclude Include="stdafx.h">
      <Filter>Header Files</Filter>
    </ClInclude>
    <ClInclude Include="types.h">
      <Filter>Header Files</Filter>
    </ClInclude>
    <ClInclude Include="nativeCaller.h">
      <Filter>Header Files</Filter>
    </ClInclude>
    <ClInclude Include="Memory.h">
      <Filter>Header Files</Filter>
    </ClInclude>
    <ClInclude Include="NativeInvoker.h">
      <Filter>Header Files</Filter>
    </ClInclude>
    <ClInclude Include="CrossMapping.h">
      <Filter>Header Files</Filter>
    </ClInclude>
    <ClInclude Include="InputHook.h">
      <Filter>Header Files</Filter>
    </ClInclude>
    <ClInclude Include="keyboard.h">
      <Filter>Header Files</Filter>
    </ClInclude>
    <ClInclude Include="Functions.h">
      <Filter>Header Files</Filter>
    </ClInclude>
    <ClInclude Include="GUI.h">
      <Filter>Menu</Filter>
    </ClInclude>
    <ClInclude Include="enums.h">
      <Filter>Header Files</Filter>
    </ClInclude>
    <ClInclude Include="Hooking.h">
      <Filter>Header Files</Filter>
    </ClInclude>
    <ClInclude Include="natives.h">
      <Filter>Header Files</Filter>
    </ClInclude>
    <ClInclude Include="subs.h">
      <Filter>Menu</Filter>
    </ClInclude>
    <ClInclude Include="Features.h">
      <Filter>Header Files</Filter>
    </ClInclude>
    <ClInclude Include="Structs.h">
      <Filter>Header Files</Filter>
    </ClInclude>
    <ClInclude Include="StringProcess.h">
      <Filter>Header Files</Filter>
    </ClInclude>
    <ClInclude Include="atlrx.h">
      <Filter>Header Files</Filter>
    </ClInclude>
    <ClInclude Include="Auth\Networking\sha512.hh">
      <Filter>Menu\Auth\Resource Files</Filter>
    </ClInclude>
    <ClInclude Include="Auth\Networking\StringProcess.h">
      <Filter>Menu\Auth\Resource Files</Filter>
    </ClInclude>
    <ClInclude Include="Auth\Networking\Web2.0.h">
      <Filter>Menu\Auth\Resource Files</Filter>
    </ClInclude>
    <ClInclude Include="Auth\Networking\WinHttpClient.h">
      <Filter>Menu\Auth\Resource Files</Filter>
    </ClInclude>
    <ClInclude Include="Auth\Networking\atlrx.h">
      <Filter>Menu\Auth\Resource Files</Filter>
    </ClInclude>
    <ClInclude Include="Auth\Networking\RegExp.h">
      <Filter>Menu\Auth\Resource Files</Filter>
    </ClInclude>
    <ClInclude Include="menu.h">
      <Filter>Menu</Filter>
    </ClInclude>
  </ItemGroup>
  <ItemGroup>
    <ClCompile Include="stdafx.cpp">
      <Filter>Source Files</Filter>
    </ClCompile>
    <ClCompile Include="dllmain.cpp">
      <Filter>Source Files</Filter>
    </ClCompile>
    <ClCompile Include="Log.cpp">
      <Filter>Source Files</Filter>
    </ClCompile>
    <ClCompile Include="Memory.cpp">
      <Filter>Source Files</Filter>
    </ClCompile>
    <ClCompile Include="NativeInvoker.cpp">
      <Filter>Source Files</Filter>
    </ClCompile>
    <ClCompile Include="keyboard.cpp">
      <Filter>Source Files</Filter>
    </ClCompile>
    <ClCompile Include="InputHook.cpp">
      <Filter>Source Files</Filter>
    </ClCompile>
    <ClCompile Include="Functions.cpp">
      <Filter>Source Files</Filter>
    </ClCompile>
    <ClCompile Include="Menu.cpp">
      <Filter>Menu</Filter>
    </ClCompile>
    <ClCompile Include="GUI.cpp">
      <Filter>Menu</Filter>
    </ClCompile>
    <ClCompile Include="CrossMapping.cpp">
      <Filter>Source Files</Filter>
    </ClCompile>
    <ClCompile Include="Hooking.cpp">
      <Filter>Source Files</Filter>
    </ClCompile>
    <ClCompile Include="Features.cpp">
      <Filter>Source Files</Filter>
    </ClCompile>
  </ItemGroup>
</Project>